
Microsoft Visual Studio Solution File, Format Version 12.00
# Visual Studio Version 16
VisualStudioVersion = 16.0.29728.190
MinimumVisualStudioVersion = 10.0.40219.1
Project("{9A19103F-16F7-4668-BE54-9A1E7A4F7556}") = "SeleniumBasics", "SeleniumBasics\SeleniumBasics.csproj", "{DA903DEA-7BC5-4EFA-8BC8-21C74312A27F}"
EndProject
Project("{9A19103F-16F7-4668-BE54-9A1E7A4F7556}") = "CSharpSamples", "CSharpSamples\CSharpSamples.csproj", "{B1A08549-67C3-41D8-8B94-3D3F0F8E2F0B}"
EndProject
Project("{9A19103F-16F7-4668-BE54-9A1E7A4F7556}") = "Selenium_Practice", "Selenium_Practice\Selenium_Practice.csproj", "{FCF9E6C8-11FC-4485-8556-A9C01F8790A9}"
EndProject
Project("{9A19103F-16F7-4668-BE54-9A1E7A4F7556}") = "CSharpSample_Practice", "CSharpSample_Practice\CSharpSample_Practice.csproj", "{466644FE-80F4-4ED7-8471-A315258AF0C2}"
EndProject
Project("{9A19103F-16F7-4668-BE54-9A1E7A4F7556}") = "Zero_Bank", "Zero_Bank\Zero_Bank.csproj", "{A06D8831-6C43-48EE-BD96-F6138776AA17}"
EndProject
Project("{9A19103F-16F7-4668-BE54-9A1E7A4F7556}") = "Slenium_practice_session2", "Slenium_practice_session2\Slenium_practice_session2.csproj", "{0B4A9108-DB6F-4DB0-84AA-651D0FFE26F0}"
EndProject
Project("{FAE04EC0-301F-11D3-BF4B-00C04F79EFBC}") = "CSharp_Training_Project", "Training_Project\CSharp_Training_Project.csproj", "{6BC8C50D-740C-46BC-A6C9-41870DFE8EB2}"
EndProject
Global
	GlobalSection(SolutionConfigurationPlatforms) = preSolution
		Debug|Any CPU = Debug|Any CPU
		Release|Any CPU = Release|Any CPU
	EndGlobalSection
	GlobalSection(ProjectConfigurationPlatforms) = postSolution
		{DA903DEA-7BC5-4EFA-8BC8-21C74312A27F}.Debug|Any CPU.ActiveCfg = Debug|Any CPU
		{DA903DEA-7BC5-4EFA-8BC8-21C74312A27F}.Debug|Any CPU.Build.0 = Debug|Any CPU
		{DA903DEA-7BC5-4EFA-8BC8-21C74312A27F}.Release|Any CPU.ActiveCfg = Release|Any CPU
		{DA903DEA-7BC5-4EFA-8BC8-21C74312A27F}.Release|Any CPU.Build.0 = Release|Any CPU
		{B1A08549-67C3-41D8-8B94-3D3F0F8E2F0B}.Debug|Any CPU.ActiveCfg = Debug|Any CPU
		{B1A08549-67C3-41D8-8B94-3D3F0F8E2F0B}.Debug|Any CPU.Build.0 = Debug|Any CPU
		{B1A08549-67C3-41D8-8B94-3D3F0F8E2F0B}.Release|Any CPU.ActiveCfg = Release|Any CPU
		{B1A08549-67C3-41D8-8B94-3D3F0F8E2F0B}.Release|Any CPU.Build.0 = Release|Any CPU
		{FCF9E6C8-11FC-4485-8556-A9C01F8790A9}.Debug|Any CPU.ActiveCfg = Debug|Any CPU
		{FCF9E6C8-11FC-4485-8556-A9C01F8790A9}.Debug|Any CPU.Build.0 = Debug|Any CPU
		{FCF9E6C8-11FC-4485-8556-A9C01F8790A9}.Release|Any CPU.ActiveCfg = Release|Any CPU
		{FCF9E6C8-11FC-4485-8556-A9C01F8790A9}.Release|Any CPU.Build.0 = Release|Any CPU
		{466644FE-80F4-4ED7-8471-A315258AF0C2}.Debug|Any CPU.ActiveCfg = Debug|Any CPU
		{466644FE-80F4-4ED7-8471-A315258AF0C2}.Debug|Any CPU.Build.0 = Debug|Any CPU
		{466644FE-80F4-4ED7-8471-A315258AF0C2}.Release|Any CPU.ActiveCfg = Release|Any CPU
		{466644FE-80F4-4ED7-8471-A315258AF0C2}.Release|Any CPU.Build.0 = Release|Any CPU
		{A06D8831-6C43-48EE-BD96-F6138776AA17}.Debug|Any CPU.ActiveCfg = Debug|Any CPU
		{A06D8831-6C43-48EE-BD96-F6138776AA17}.Debug|Any CPU.Build.0 = Debug|Any CPU
		{A06D8831-6C43-48EE-BD96-F6138776AA17}.Release|Any CPU.ActiveCfg = Release|Any CPU
		{A06D8831-6C43-48EE-BD96-F6138776AA17}.Release|Any CPU.Build.0 = Release|Any CPU
		{0B4A9108-DB6F-4DB0-84AA-651D0FFE26F0}.Debug|Any CPU.ActiveCfg = Debug|Any CPU
		{0B4A9108-DB6F-4DB0-84AA-651D0FFE26F0}.Debug|Any CPU.Build.0 = Debug|Any CPU
		{0B4A9108-DB6F-4DB0-84AA-651D0FFE26F0}.Release|Any CPU.ActiveCfg = Release|Any CPU
		{0B4A9108-DB6F-4DB0-84AA-651D0FFE26F0}.Release|Any CPU.Build.0 = Release|Any CPU
		{6BC8C50D-740C-46BC-A6C9-41870DFE8EB2}.Debug|Any CPU.ActiveCfg = Debug|Any CPU
		{6BC8C50D-740C-46BC-A6C9-41870DFE8EB2}.Debug|Any CPU.Build.0 = Debug|Any CPU
		{6BC8C50D-740C-46BC-A6C9-41870DFE8EB2}.Release|Any CPU.ActiveCfg = Release|Any CPU
		{6BC8C50D-740C-46BC-A6C9-41870DFE8EB2}.Release|Any CPU.Build.0 = Release|Any CPU
	EndGlobalSection
	GlobalSection(SolutionProperties) = preSolution
		HideSolutionNode = FALSE
	EndGlobalSection
	GlobalSection(ExtensibilityGlobals) = postSolution
		SolutionGuid = {9862A3DD-ADE4-42F9-832D-AB48F6C2FE70}
	EndGlobalSection
EndGlobal
